
Microsoft Visual Studio Solution File, Format Version 12.00
# Visual Studio Version 17
VisualStudioVersion = 17.5.33530.505
MinimumVisualStudioVersion = 10.0.40219.1
Project("{FAE04EC0-301F-11D3-BF4B-00C04F79EFBC}") = "add_5_digit", "add_5_digit\add_5_digit.csproj", "{2B93ECD0-2F3A-4608-B30A-685EB683D1B5}"
EndProject
Global
	GlobalSection(SolutionConfigurationPlatforms) = preSolution
		Debug|Any CPU = Debug|Any CPU
		Release|Any CPU = Release|Any CPU
	EndGlobalSection
	GlobalSection(ProjectConfigurationPlatforms) = postSolution
		{2B93ECD0-2F3A-4608-B30A-685EB683D1B5}.Debug|Any CPU.ActiveCfg = Debug|Any CPU
		{2B93ECD0-2F3A-4608-B30A-685EB683D1B5}.Debug|Any CPU.Build.0 = Debug|Any CPU
		{2B93ECD0-2F3A-4608-B30A-685EB683D1B5}.Release|Any CPU.ActiveCfg = Release|Any CPU
		{2B93ECD0-2F3A-4608-B30A-685EB683D1B5}.Release|Any CPU.Build.0 = Release|Any CPU
	EndGlobalSection
	GlobalSection(SolutionProperties) = preSolution
		HideSolutionNode = FALSE
	EndGlobalSection
	GlobalSection(ExtensibilityGlobals) = postSolution
		SolutionGuid = {198AEAD7-599E-44E2-BCD0-B23B9646D138}
	EndGlobalSection
EndGlobal
