
Microsoft Visual Studio Solution File, Format Version 12.00
# Visual Studio Version 17
VisualStudioVersion = 17.5.33530.505
MinimumVisualStudioVersion = 10.0.40219.1
Project("{FAE04EC0-301F-11D3-BF4B-00C04F79EFBC}") = "Exercise_1", "Exercise_1\Exercise_1.csproj", "{54198C98-413F-461D-85F0-114C22237032}"
EndProject
Global
	GlobalSection(SolutionConfigurationPlatforms) = preSolution
		Debug|Any CPU = Debug|Any CPU
		Release|Any CPU = Release|Any CPU
	EndGlobalSection
	GlobalSection(ProjectConfigurationPlatforms) = postSolution
		{54198C98-413F-461D-85F0-114C22237032}.Debug|Any CPU.ActiveCfg = Debug|Any CPU
		{54198C98-413F-461D-85F0-114C22237032}.Debug|Any CPU.Build.0 = Debug|Any CPU
		{54198C98-413F-461D-85F0-114C22237032}.Release|Any CPU.ActiveCfg = Release|Any CPU
		{54198C98-413F-461D-85F0-114C22237032}.Release|Any CPU.Build.0 = Release|Any CPU
	EndGlobalSection
	GlobalSection(SolutionProperties) = preSolution
		HideSolutionNode = FALSE
	EndGlobalSection
	GlobalSection(ExtensibilityGlobals) = postSolution
		SolutionGuid = {C55240B5-14ED-44C2-9D80-90F802923705}
	EndGlobalSection
EndGlobal
