
Microsoft Visual Studio Solution File, Format Version 12.00
# Visual Studio Version 17
VisualStudioVersion = 17.5.33530.505
MinimumVisualStudioVersion = 10.0.40219.1
Project("{FAE04EC0-301F-11D3-BF4B-00C04F79EFBC}") = "inheritance_demo", "inheritance_demo\inheritance_demo.csproj", "{9F67A947-7215-4F12-AD7C-2E3A05250DAE}"
EndProject
Global
	GlobalSection(SolutionConfigurationPlatforms) = preSolution
		Debug|Any CPU = Debug|Any CPU
		Release|Any CPU = Release|Any CPU
	EndGlobalSection
	GlobalSection(ProjectConfigurationPlatforms) = postSolution
		{9F67A947-7215-4F12-AD7C-2E3A05250DAE}.Debug|Any CPU.ActiveCfg = Debug|Any CPU
		{9F67A947-7215-4F12-AD7C-2E3A05250DAE}.Debug|Any CPU.Build.0 = Debug|Any CPU
		{9F67A947-7215-4F12-AD7C-2E3A05250DAE}.Release|Any CPU.ActiveCfg = Release|Any CPU
		{9F67A947-7215-4F12-AD7C-2E3A05250DAE}.Release|Any CPU.Build.0 = Release|Any CPU
	EndGlobalSection
	GlobalSection(SolutionProperties) = preSolution
		HideSolutionNode = FALSE
	EndGlobalSection
	GlobalSection(ExtensibilityGlobals) = postSolution
		SolutionGuid = {6F9871A2-5E71-4E68-BD98-E927F8A20704}
	EndGlobalSection
EndGlobal
