
Microsoft Visual Studio Solution File, Format Version 12.00
# Visual Studio Version 17
VisualStudioVersion = 17.5.33530.505
MinimumVisualStudioVersion = 10.0.40219.1
Project("{FAE04EC0-301F-11D3-BF4B-00C04F79EFBC}") = "Generic_exercise", "Generic_exercise\Generic_exercise.csproj", "{1A6F858D-3D60-44D6-8F06-A5A917801B3C}"
EndProject
Global
	GlobalSection(SolutionConfigurationPlatforms) = preSolution
		Debug|Any CPU = Debug|Any CPU
		Release|Any CPU = Release|Any CPU
	EndGlobalSection
	GlobalSection(ProjectConfigurationPlatforms) = postSolution
		{1A6F858D-3D60-44D6-8F06-A5A917801B3C}.Debug|Any CPU.ActiveCfg = Debug|Any CPU
		{1A6F858D-3D60-44D6-8F06-A5A917801B3C}.Debug|Any CPU.Build.0 = Debug|Any CPU
		{1A6F858D-3D60-44D6-8F06-A5A917801B3C}.Release|Any CPU.ActiveCfg = Release|Any CPU
		{1A6F858D-3D60-44D6-8F06-A5A917801B3C}.Release|Any CPU.Build.0 = Release|Any CPU
	EndGlobalSection
	GlobalSection(SolutionProperties) = preSolution
		HideSolutionNode = FALSE
	EndGlobalSection
	GlobalSection(ExtensibilityGlobals) = postSolution
		SolutionGuid = {E401CA9F-CC23-4A1B-8124-15E7565A45D8}
	EndGlobalSection
EndGlobal
